
Microsoft Visual Studio Solution File, Format Version 12.00
# Visual Studio Version 16
VisualStudioVersion = 16.0.29123.88
MinimumVisualStudioVersion = 10.0.40219.1
Project("{FAE04EC0-301F-11D3-BF4B-00C04F79EFBC}") = "Ex10-CalculateArea", "CalculateArea\Ex10-CalculateArea.csproj", "{6764DB75-045A-462A-896D-E7150A08DE85}"
EndProject
Project("{FAE04EC0-301F-11D3-BF4B-00C04F79EFBC}") = "Ex1-IsFifteen", "Ex1-IsFifteen\Ex1-IsFifteen.csproj", "{72DC5E56-AB69-4678-9F78-34671EE5FB1F}"
EndProject
Project("{FAE04EC0-301F-11D3-BF4B-00C04F79EFBC}") = "Ex2-CheckOddEven", "Ex2-CheckOddEven\Ex2-CheckOddEven.csproj", "{4A92A2C2-DD60-4A01-A2AE-033D250A3D57}"
EndProject
Project("{FAE04EC0-301F-11D3-BF4B-00C04F79EFBC}") = "Ex3-SumAverageRunningInt", "Ex3-SumAverageRunningInt\Ex3-SumAverageRunningInt.csproj", "{9E80F765-F834-4BA8-8654-1898CE56C6B4}"
EndProject
Project("{FAE04EC0-301F-11D3-BF4B-00C04F79EFBC}") = "Ex4-Product1ToN", "Ex4-Product1ToN\Ex4-Product1ToN.csproj", "{AD309287-F4B7-4386-89AA-A1D7445F3558}"
EndProject
Project("{FAE04EC0-301F-11D3-BF4B-00C04F79EFBC}") = "Ex5-guessNumber", "Ex5-guessNumber\Ex5-guessNumber.csproj", "{EDF6F182-8019-47E5-A318-346A4D734158}"
EndProject
Project("{FAE04EC0-301F-11D3-BF4B-00C04F79EFBC}") = "Ex6-CozaLozaWoza", "Ex6-CozaLozaWoza\Ex6-CozaLozaWoza.csproj", "{3A00C69D-AF94-49EA-A244-952956F28E4F}"
EndProject
Project("{FAE04EC0-301F-11D3-BF4B-00C04F79EFBC}") = "Ex8-EmployeePay", "Ex8-EmployeePay\Ex8-EmployeePay.csproj", "{A45720FD-9459-44BD-83EB-99E325B46C71}"
EndProject
Project("{FAE04EC0-301F-11D3-BF4B-00C04F79EFBC}") = "Ex7-GravityCalc", "Ex7-GravityCalc\Ex7-GravityCalc.csproj", "{282A4E8D-34CA-47BE-B929-76C4B4E4E379}"
EndProject
Project("{FAE04EC0-301F-11D3-BF4B-00C04F79EFBC}") = "Ex9-BMI", "Ex9-BMI\Ex9-BMI.csproj", "{5908A252-3FC3-4E62-BC3A-99C378C0C21D}"
EndProject
Project("{FAE04EC0-301F-11D3-BF4B-00C04F79EFBC}") = "Ex1_IsFifteenTests", "Ex1_IsFifteenTests\Ex1_IsFifteenTests.csproj", "{70290F86-301C-48EA-8877-EB6C24B0132B}"
EndProject
Project("{FAE04EC0-301F-11D3-BF4B-00C04F79EFBC}") = "Ex2_CheckOddEvenTests", "Ex2_CheckOddEvenTests\Ex2_CheckOddEvenTests.csproj", "{26506D64-CB8B-49DC-948D-8C58C6AEEB5C}"
EndProject
Project("{FAE04EC0-301F-11D3-BF4B-00C04F79EFBC}") = "Ex6_CozaLozaWozaTests", "Ex6_CozaLozaWozaTests\Ex6_CozaLozaWozaTests.csproj", "{D72E585D-EE73-428C-B4D0-F926C09A5E1E}"
EndProject
Project("{FAE04EC0-301F-11D3-BF4B-00C04F79EFBC}") = "Ex7_GravityCalcTests", "Ex7_GravityCalculatorTests\Ex7_GravityCalcTests.csproj", "{7D4217B1-AFE4-4EF8-BA97-59CEF663FDDA}"
EndProject
Project("{FAE04EC0-301F-11D3-BF4B-00C04F79EFBC}") = "Ex8_EmployeePayTests", "Ex8_EmployeePayTests\Ex8_EmployeePayTests.csproj", "{66FD6C85-0D95-48B9-A29A-E301768693FC}"
EndProject
Project("{FAE04EC0-301F-11D3-BF4B-00C04F79EFBC}") = "Ex10_CalculateAreaTests", "Ex10_CalculateAreaTests\Ex10_CalculateAreaTests.csproj", "{A203070C-54DE-4D49-BE25-A0217055DAEE}"
EndProject
Global
	GlobalSection(SolutionConfigurationPlatforms) = preSolution
		Debug|Any CPU = Debug|Any CPU
		Release|Any CPU = Release|Any CPU
	EndGlobalSection
	GlobalSection(ProjectConfigurationPlatforms) = postSolution
		{6764DB75-045A-462A-896D-E7150A08DE85}.Debug|Any CPU.ActiveCfg = Debug|Any CPU
		{6764DB75-045A-462A-896D-E7150A08DE85}.Debug|Any CPU.Build.0 = Debug|Any CPU
		{6764DB75-045A-462A-896D-E7150A08DE85}.Release|Any CPU.ActiveCfg = Release|Any CPU
		{6764DB75-045A-462A-896D-E7150A08DE85}.Release|Any CPU.Build.0 = Release|Any CPU
		{72DC5E56-AB69-4678-9F78-34671EE5FB1F}.Debug|Any CPU.ActiveCfg = Debug|Any CPU
		{72DC5E56-AB69-4678-9F78-34671EE5FB1F}.Debug|Any CPU.Build.0 = Debug|Any CPU
		{72DC5E56-AB69-4678-9F78-34671EE5FB1F}.Release|Any CPU.ActiveCfg = Release|Any CPU
		{72DC5E56-AB69-4678-9F78-34671EE5FB1F}.Release|Any CPU.Build.0 = Release|Any CPU
		{4A92A2C2-DD60-4A01-A2AE-033D250A3D57}.Debug|Any CPU.ActiveCfg = Debug|Any CPU
		{4A92A2C2-DD60-4A01-A2AE-033D250A3D57}.Debug|Any CPU.Build.0 = Debug|Any CPU
		{4A92A2C2-DD60-4A01-A2AE-033D250A3D57}.Release|Any CPU.ActiveCfg = Release|Any CPU
		{4A92A2C2-DD60-4A01-A2AE-033D250A3D57}.Release|Any CPU.Build.0 = Release|Any CPU
		{9E80F765-F834-4BA8-8654-1898CE56C6B4}.Debug|Any CPU.ActiveCfg = Debug|Any CPU
		{9E80F765-F834-4BA8-8654-1898CE56C6B4}.Debug|Any CPU.Build.0 = Debug|Any CPU
		{9E80F765-F834-4BA8-8654-1898CE56C6B4}.Release|Any CPU.ActiveCfg = Release|Any CPU
		{9E80F765-F834-4BA8-8654-1898CE56C6B4}.Release|Any CPU.Build.0 = Release|Any CPU
		{AD309287-F4B7-4386-89AA-A1D7445F3558}.Debug|Any CPU.ActiveCfg = Debug|Any CPU
		{AD309287-F4B7-4386-89AA-A1D7445F3558}.Debug|Any CPU.Build.0 = Debug|Any CPU
		{AD309287-F4B7-4386-89AA-A1D7445F3558}.Release|Any CPU.ActiveCfg = Release|Any CPU
		{AD309287-F4B7-4386-89AA-A1D7445F3558}.Release|Any CPU.Build.0 = Release|Any CPU
		{EDF6F182-8019-47E5-A318-346A4D734158}.Debug|Any CPU.ActiveCfg = Debug|Any CPU
		{EDF6F182-8019-47E5-A318-346A4D734158}.Debug|Any CPU.Build.0 = Debug|Any CPU
		{EDF6F182-8019-47E5-A318-346A4D734158}.Release|Any CPU.ActiveCfg = Release|Any CPU
		{EDF6F182-8019-47E5-A318-346A4D734158}.Release|Any CPU.Build.0 = Release|Any CPU
		{3A00C69D-AF94-49EA-A244-952956F28E4F}.Debug|Any CPU.ActiveCfg = Debug|Any CPU
		{3A00C69D-AF94-49EA-A244-952956F28E4F}.Debug|Any CPU.Build.0 = Debug|Any CPU
		{3A00C69D-AF94-49EA-A244-952956F28E4F}.Release|Any CPU.ActiveCfg = Release|Any CPU
		{3A00C69D-AF94-49EA-A244-952956F28E4F}.Release|Any CPU.Build.0 = Release|Any CPU
		{A45720FD-9459-44BD-83EB-99E325B46C71}.Debug|Any CPU.ActiveCfg = Debug|Any CPU
		{A45720FD-9459-44BD-83EB-99E325B46C71}.Debug|Any CPU.Build.0 = Debug|Any CPU
		{A45720FD-9459-44BD-83EB-99E325B46C71}.Release|Any CPU.ActiveCfg = Release|Any CPU
		{A45720FD-9459-44BD-83EB-99E325B46C71}.Release|Any CPU.Build.0 = Release|Any CPU
		{282A4E8D-34CA-47BE-B929-76C4B4E4E379}.Debug|Any CPU.ActiveCfg = Debug|Any CPU
		{282A4E8D-34CA-47BE-B929-76C4B4E4E379}.Debug|Any CPU.Build.0 = Debug|Any CPU
		{282A4E8D-34CA-47BE-B929-76C4B4E4E379}.Release|Any CPU.ActiveCfg = Release|Any CPU
		{282A4E8D-34CA-47BE-B929-76C4B4E4E379}.Release|Any CPU.Build.0 = Release|Any CPU
		{5908A252-3FC3-4E62-BC3A-99C378C0C21D}.Debug|Any CPU.ActiveCfg = Debug|Any CPU
		{5908A252-3FC3-4E62-BC3A-99C378C0C21D}.Debug|Any CPU.Build.0 = Debug|Any CPU
		{5908A252-3FC3-4E62-BC3A-99C378C0C21D}.Release|Any CPU.ActiveCfg = Release|Any CPU
		{5908A252-3FC3-4E62-BC3A-99C378C0C21D}.Release|Any CPU.Build.0 = Release|Any CPU
		{70290F86-301C-48EA-8877-EB6C24B0132B}.Debug|Any CPU.ActiveCfg = Debug|Any CPU
		{70290F86-301C-48EA-8877-EB6C24B0132B}.Debug|Any CPU.Build.0 = Debug|Any CPU
		{70290F86-301C-48EA-8877-EB6C24B0132B}.Release|Any CPU.ActiveCfg = Release|Any CPU
		{70290F86-301C-48EA-8877-EB6C24B0132B}.Release|Any CPU.Build.0 = Release|Any CPU
		{26506D64-CB8B-49DC-948D-8C58C6AEEB5C}.Debug|Any CPU.ActiveCfg = Debug|Any CPU
		{26506D64-CB8B-49DC-948D-8C58C6AEEB5C}.Debug|Any CPU.Build.0 = Debug|Any CPU
		{26506D64-CB8B-49DC-948D-8C58C6AEEB5C}.Release|Any CPU.ActiveCfg = Release|Any CPU
		{26506D64-CB8B-49DC-948D-8C58C6AEEB5C}.Release|Any CPU.Build.0 = Release|Any CPU
		{D72E585D-EE73-428C-B4D0-F926C09A5E1E}.Debug|Any CPU.ActiveCfg = Debug|Any CPU
		{D72E585D-EE73-428C-B4D0-F926C09A5E1E}.Debug|Any CPU.Build.0 = Debug|Any CPU
		{D72E585D-EE73-428C-B4D0-F926C09A5E1E}.Release|Any CPU.ActiveCfg = Release|Any CPU
		{D72E585D-EE73-428C-B4D0-F926C09A5E1E}.Release|Any CPU.Build.0 = Release|Any CPU
		{7D4217B1-AFE4-4EF8-BA97-59CEF663FDDA}.Debug|Any CPU.ActiveCfg = Debug|Any CPU
		{7D4217B1-AFE4-4EF8-BA97-59CEF663FDDA}.Debug|Any CPU.Build.0 = Debug|Any CPU
		{7D4217B1-AFE4-4EF8-BA97-59CEF663FDDA}.Release|Any CPU.ActiveCfg = Release|Any CPU
		{7D4217B1-AFE4-4EF8-BA97-59CEF663FDDA}.Release|Any CPU.Build.0 = Release|Any CPU
		{66FD6C85-0D95-48B9-A29A-E301768693FC}.Debug|Any CPU.ActiveCfg = Debug|Any CPU
		{66FD6C85-0D95-48B9-A29A-E301768693FC}.Debug|Any CPU.Build.0 = Debug|Any CPU
		{66FD6C85-0D95-48B9-A29A-E301768693FC}.Release|Any CPU.ActiveCfg = Release|Any CPU
		{66FD6C85-0D95-48B9-A29A-E301768693FC}.Release|Any CPU.Build.0 = Release|Any CPU
		{A203070C-54DE-4D49-BE25-A0217055DAEE}.Debug|Any CPU.ActiveCfg = Debug|Any CPU
		{A203070C-54DE-4D49-BE25-A0217055DAEE}.Debug|Any CPU.Build.0 = Debug|Any CPU
		{A203070C-54DE-4D49-BE25-A0217055DAEE}.Release|Any CPU.ActiveCfg = Release|Any CPU
		{A203070C-54DE-4D49-BE25-A0217055DAEE}.Release|Any CPU.Build.0 = Release|Any CPU
	EndGlobalSection
	GlobalSection(SolutionProperties) = preSolution
		HideSolutionNode = FALSE
	EndGlobalSection
	GlobalSection(ExtensibilityGlobals) = postSolution
		SolutionGuid = {22A75822-3C36-4529-B369-1F5A7653AD59}
	EndGlobalSection
EndGlobal
