
Microsoft Visual Studio Solution File, Format Version 12.00
# Visual Studio Version 16
VisualStudioVersion = 16.0.29123.88
MinimumVisualStudioVersion = 10.0.40219.1
Project("{FAE04EC0-301F-11D3-BF4B-00C04F79EFBC}") = "CalculateArea", "CalculateArea\CalculateArea.csproj", "{6764DB75-045A-462A-896D-E7150A08DE85}"
EndProject
Project("{FAE04EC0-301F-11D3-BF4B-00C04F79EFBC}") = "GravityCalculator", "GravityCalculator\GravityCalculator.csproj", "{21B4C2ED-21D7-4F86-9A72-FCAD10DE578E}"
EndProject
Project("{9A19103F-16F7-4668-BE54-9A1E7A4F7556}") = "SumAverageRunningInt", "SumAverageRunningInt\SumAverageRunningInt.csproj", "{3A626440-B412-47F6-A2D2-2330B1840FD6}"
EndProject
Project("{FAE04EC0-301F-11D3-BF4B-00C04F79EFBC}") = "Ex1-IsFifteen", "Ex1-IsFifteen\Ex1-IsFifteen.csproj", "{72DC5E56-AB69-4678-9F78-34671EE5FB1F}"
EndProject
Project("{FAE04EC0-301F-11D3-BF4B-00C04F79EFBC}") = "Ex2-CheckOddEven", "Ex2-CheckOddEven\Ex2-CheckOddEven.csproj", "{4A92A2C2-DD60-4A01-A2AE-033D250A3D57}"
EndProject
Project("{FAE04EC0-301F-11D3-BF4B-00C04F79EFBC}") = "Ex3-SumAverageRunningInt", "Ex3-SumAverageRunningInt\Ex3-SumAverageRunningInt.csproj", "{9E80F765-F834-4BA8-8654-1898CE56C6B4}"
EndProject
Project("{FAE04EC0-301F-11D3-BF4B-00C04F79EFBC}") = "Ex4-Product1ToN", "Ex4-Product1ToN\Ex4-Product1ToN.csproj", "{AD309287-F4B7-4386-89AA-A1D7445F3558}"
EndProject
Project("{FAE04EC0-301F-11D3-BF4B-00C04F79EFBC}") = "Ex5-guessNumber", "Ex5-guessNumber\Ex5-guessNumber.csproj", "{EDF6F182-8019-47E5-A318-346A4D734158}"
EndProject
Project("{FAE04EC0-301F-11D3-BF4B-00C04F79EFBC}") = "Ex6-CozaLozaWoza", "Ex6-CozaLozaWoza\Ex6-CozaLozaWoza.csproj", "{3A00C69D-AF94-49EA-A244-952956F28E4F}"
EndProject
Project("{FAE04EC0-301F-11D3-BF4B-00C04F79EFBC}") = "Ex8-EmployeePay", "Ex8-EmployeePay\Ex8-EmployeePay.csproj", "{A45720FD-9459-44BD-83EB-99E325B46C71}"
EndProject
Global
	GlobalSection(SolutionConfigurationPlatforms) = preSolution
		Debug|Any CPU = Debug|Any CPU
		Release|Any CPU = Release|Any CPU
	EndGlobalSection
	GlobalSection(ProjectConfigurationPlatforms) = postSolution
		{6764DB75-045A-462A-896D-E7150A08DE85}.Debug|Any CPU.ActiveCfg = Debug|Any CPU
		{6764DB75-045A-462A-896D-E7150A08DE85}.Debug|Any CPU.Build.0 = Debug|Any CPU
		{6764DB75-045A-462A-896D-E7150A08DE85}.Release|Any CPU.ActiveCfg = Release|Any CPU
		{6764DB75-045A-462A-896D-E7150A08DE85}.Release|Any CPU.Build.0 = Release|Any CPU
		{21B4C2ED-21D7-4F86-9A72-FCAD10DE578E}.Debug|Any CPU.ActiveCfg = Debug|Any CPU
		{21B4C2ED-21D7-4F86-9A72-FCAD10DE578E}.Debug|Any CPU.Build.0 = Debug|Any CPU
		{21B4C2ED-21D7-4F86-9A72-FCAD10DE578E}.Release|Any CPU.ActiveCfg = Release|Any CPU
		{21B4C2ED-21D7-4F86-9A72-FCAD10DE578E}.Release|Any CPU.Build.0 = Release|Any CPU
		{3A626440-B412-47F6-A2D2-2330B1840FD6}.Debug|Any CPU.ActiveCfg = Debug|Any CPU
		{3A626440-B412-47F6-A2D2-2330B1840FD6}.Debug|Any CPU.Build.0 = Debug|Any CPU
		{3A626440-B412-47F6-A2D2-2330B1840FD6}.Release|Any CPU.ActiveCfg = Release|Any CPU
		{3A626440-B412-47F6-A2D2-2330B1840FD6}.Release|Any CPU.Build.0 = Release|Any CPU
		{72DC5E56-AB69-4678-9F78-34671EE5FB1F}.Debug|Any CPU.ActiveCfg = Debug|Any CPU
		{72DC5E56-AB69-4678-9F78-34671EE5FB1F}.Debug|Any CPU.Build.0 = Debug|Any CPU
		{72DC5E56-AB69-4678-9F78-34671EE5FB1F}.Release|Any CPU.ActiveCfg = Release|Any CPU
		{72DC5E56-AB69-4678-9F78-34671EE5FB1F}.Release|Any CPU.Build.0 = Release|Any CPU
		{4A92A2C2-DD60-4A01-A2AE-033D250A3D57}.Debug|Any CPU.ActiveCfg = Debug|Any CPU
		{4A92A2C2-DD60-4A01-A2AE-033D250A3D57}.Debug|Any CPU.Build.0 = Debug|Any CPU
		{4A92A2C2-DD60-4A01-A2AE-033D250A3D57}.Release|Any CPU.ActiveCfg = Release|Any CPU
		{4A92A2C2-DD60-4A01-A2AE-033D250A3D57}.Release|Any CPU.Build.0 = Release|Any CPU
		{9E80F765-F834-4BA8-8654-1898CE56C6B4}.Debug|Any CPU.ActiveCfg = Debug|Any CPU
		{9E80F765-F834-4BA8-8654-1898CE56C6B4}.Debug|Any CPU.Build.0 = Debug|Any CPU
		{9E80F765-F834-4BA8-8654-1898CE56C6B4}.Release|Any CPU.ActiveCfg = Release|Any CPU
		{9E80F765-F834-4BA8-8654-1898CE56C6B4}.Release|Any CPU.Build.0 = Release|Any CPU
		{AD309287-F4B7-4386-89AA-A1D7445F3558}.Debug|Any CPU.ActiveCfg = Debug|Any CPU
		{AD309287-F4B7-4386-89AA-A1D7445F3558}.Debug|Any CPU.Build.0 = Debug|Any CPU
		{AD309287-F4B7-4386-89AA-A1D7445F3558}.Release|Any CPU.ActiveCfg = Release|Any CPU
		{AD309287-F4B7-4386-89AA-A1D7445F3558}.Release|Any CPU.Build.0 = Release|Any CPU
		{EDF6F182-8019-47E5-A318-346A4D734158}.Debug|Any CPU.ActiveCfg = Debug|Any CPU
		{EDF6F182-8019-47E5-A318-346A4D734158}.Debug|Any CPU.Build.0 = Debug|Any CPU
		{EDF6F182-8019-47E5-A318-346A4D734158}.Release|Any CPU.ActiveCfg = Release|Any CPU
		{EDF6F182-8019-47E5-A318-346A4D734158}.Release|Any CPU.Build.0 = Release|Any CPU
		{3A00C69D-AF94-49EA-A244-952956F28E4F}.Debug|Any CPU.ActiveCfg = Debug|Any CPU
		{3A00C69D-AF94-49EA-A244-952956F28E4F}.Debug|Any CPU.Build.0 = Debug|Any CPU
		{3A00C69D-AF94-49EA-A244-952956F28E4F}.Release|Any CPU.ActiveCfg = Release|Any CPU
		{3A00C69D-AF94-49EA-A244-952956F28E4F}.Release|Any CPU.Build.0 = Release|Any CPU
		{A45720FD-9459-44BD-83EB-99E325B46C71}.Debug|Any CPU.ActiveCfg = Debug|Any CPU
		{A45720FD-9459-44BD-83EB-99E325B46C71}.Debug|Any CPU.Build.0 = Debug|Any CPU
		{A45720FD-9459-44BD-83EB-99E325B46C71}.Release|Any CPU.ActiveCfg = Release|Any CPU
		{A45720FD-9459-44BD-83EB-99E325B46C71}.Release|Any CPU.Build.0 = Release|Any CPU
	EndGlobalSection
	GlobalSection(SolutionProperties) = preSolution
		HideSolutionNode = FALSE
	EndGlobalSection
	GlobalSection(ExtensibilityGlobals) = postSolution
		SolutionGuid = {22A75822-3C36-4529-B369-1F5A7653AD59}
	EndGlobalSection
EndGlobal
